
Microsoft Visual Studio Solution File, Format Version 12.00
# Visual Studio Version 16
VisualStudioVersion = 16.0.30413.136
MinimumVisualStudioVersion = 10.0.40219.1
Project("{FAE04EC0-301F-11D3-BF4B-00C04F79EFBC}") = "Exam1_SlotMach", "Exam1_SlotMach\Exam1_SlotMach.csproj", "{09E4D9BF-164C-4DED-9135-FFCBA2CA8D71}"
EndProject
Global
	GlobalSection(SolutionConfigurationPlatforms) = preSolution
		Debug|Any CPU = Debug|Any CPU
		Release|Any CPU = Release|Any CPU
	EndGlobalSection
	GlobalSection(ProjectConfigurationPlatforms) = postSolution
		{09E4D9BF-164C-4DED-9135-FFCBA2CA8D71}.Debug|Any CPU.ActiveCfg = Debug|Any CPU
		{09E4D9BF-164C-4DED-9135-FFCBA2CA8D71}.Debug|Any CPU.Build.0 = Debug|Any CPU
		{09E4D9BF-164C-4DED-9135-FFCBA2CA8D71}.Release|Any CPU.ActiveCfg = Release|Any CPU
		{09E4D9BF-164C-4DED-9135-FFCBA2CA8D71}.Release|Any CPU.Build.0 = Release|Any CPU
	EndGlobalSection
	GlobalSection(SolutionProperties) = preSolution
		HideSolutionNode = FALSE
	EndGlobalSection
	GlobalSection(ExtensibilityGlobals) = postSolution
		SolutionGuid = {35686CF5-1A3E-4F3C-89E7-9E63E55124C6}
	EndGlobalSection
	GlobalSection(TeamFoundationVersionControl) = preSolution
		SccNumberOfProjects = 2
		SccEnterpriseProvider = {4CA58AB2-18FA-4F8D-95D4-32DDF27D184C}
		SccTeamFoundationServer = https://cisteam.otc.edu/tfs/gv0929892
		SccLocalPath0 = .
		SccProjectUniqueName1 = Exam1_SlotMach\\Exam1_SlotMach.csproj
		SccProjectName1 = Exam1_SlotMach
		SccLocalPath1 = Exam1_SlotMach
	EndGlobalSection
EndGlobal
